
Microsoft Visual Studio Solution File, Format Version 12.00
# Visual Studio Version 16
VisualStudioVersion = 16.0.30104.148
MinimumVisualStudioVersion = 10.0.40219.1
Project("{9092AA53-FB77-4645-B42D-1CCCA6BD08BD}") = "tcp.js", "tcp.js\tcp.js.njsproj", "{527AF1D2-8D7F-4361-AA32-647C96489B12}"
EndProject
Global
	GlobalSection(SolutionConfigurationPlatforms) = preSolution
		Debug|Any CPU = Debug|Any CPU
		Release|Any CPU = Release|Any CPU
	EndGlobalSection
	GlobalSection(ProjectConfigurationPlatforms) = postSolution
		{527AF1D2-8D7F-4361-AA32-647C96489B12}.Debug|Any CPU.ActiveCfg = Debug|Any CPU
		{527AF1D2-8D7F-4361-AA32-647C96489B12}.Debug|Any CPU.Build.0 = Debug|Any CPU
		{527AF1D2-8D7F-4361-AA32-647C96489B12}.Release|Any CPU.ActiveCfg = Release|Any CPU
		{527AF1D2-8D7F-4361-AA32-647C96489B12}.Release|Any CPU.Build.0 = Release|Any CPU
	EndGlobalSection
	GlobalSection(SolutionProperties) = preSolution
		HideSolutionNode = FALSE
	EndGlobalSection
	GlobalSection(ExtensibilityGlobals) = postSolution
		SolutionGuid = {C2ECF994-FDC0-4C8D-8389-D252B901475C}
	EndGlobalSection
EndGlobal
